[[package]]
name = "animation"
version = "0.1.0"
dependencies = [
 "dominator 0.2.0",
 "futures-signals 0.1.0 (git+https://github.com/Pauan/rust-signals)",
 "stdweb 0.4.10 (registry+https://github.com/rust-lang/crates.io-index)",
]

[[package]]
name = "base-x"
version = "0.2.2"
source = "registry+https://github.com/rust-lang/crates.io-index"

[[package]]
name = "discard"
version = "1.0.3"
source = "registry+https://github.com/rust-lang/crates.io-index"

[[package]]
name = "dominator"
version = "0.2.0"
dependencies = [
 "discard 1.0.3 (registry+https://github.com/rust-lang/crates.io-index)",
 "futures-channel-preview 0.3.0-alpha.9 (registry+https://github.com/rust-lang/crates.io-index)",
 "futures-core-preview 0.3.0-alpha.9 (registry+https://github.com/rust-lang/crates.io-index)",
 "futures-signals 0.2.0 (registry+https://github.com/rust-lang/crates.io-index)",
 "futures-util-preview 0.3.0-alpha.9 (registry+https://github.com/rust-lang/crates.io-index)",
 "lazy_static 1.1.0 (registry+https://github.com/rust-lang/crates.io-index)",
 "pin-utils 0.1.0-alpha.3 (registry+https://github.com/rust-lang/crates.io-index)",
 "stdweb 0.4.10 (registry+https://github.com/rust-lang/crates.io-index)",
 "stdweb-derive 0.5.1 (registry+https://github.com/rust-lang/crates.io-index)",
]

[[package]]
name = "dtoa"
version = "0.4.3"
source = "registry+https://github.com/rust-lang/crates.io-index"

[[package]]
name = "either"
version = "1.5.0"
source = "registry+https://github.com/rust-lang/crates.io-index"

[[package]]
name = "futures-channel"
version = "0.2.1"
source = "registry+https://github.com/rust-lang/crates.io-index"
dependencies = [
 "futures-core 0.2.1 (registry+https://github.com/rust-lang/crates.io-index)",
]

[[package]]
name = "futures-channel-preview"
version = "0.3.0-alpha.9"
source = "registry+https://github.com/rust-lang/crates.io-index"
dependencies = [
 "futures-core-preview 0.3.0-alpha.9 (registry+https://github.com/rust-lang/crates.io-index)",
]

[[package]]
name = "futures-core"
version = "0.2.1"
source = "registry+https://github.com/rust-lang/crates.io-index"
dependencies = [
 "either 1.5.0 (registry+https://github.com/rust-lang/crates.io-index)",
]

[[package]]
name = "futures-core-preview"
version = "0.3.0-alpha.9"
source = "registry+https://github.com/rust-lang/crates.io-index"
dependencies = [
 "either 1.5.0 (registry+https://github.com/rust-lang/crates.io-index)",
]

[[package]]
name = "futures-executor-preview"
version = "0.3.0-alpha.9"
source = "registry+https://github.com/rust-lang/crates.io-index"
dependencies = [
 "futures-channel-preview 0.3.0-alpha.9 (registry+https://github.com/rust-lang/crates.io-index)",
 "futures-core-preview 0.3.0-alpha.9 (registry+https://github.com/rust-lang/crates.io-index)",
 "futures-util-preview 0.3.0-alpha.9 (registry+https://github.com/rust-lang/crates.io-index)",
 "lazy_static 1.1.0 (registry+https://github.com/rust-lang/crates.io-index)",
 "num_cpus 1.8.0 (registry+https://github.com/rust-lang/crates.io-index)",
 "pin-utils 0.1.0-alpha.3 (registry+https://github.com/rust-lang/crates.io-index)",
]

[[package]]
name = "futures-io"
version = "0.2.1"
source = "registry+https://github.com/rust-lang/crates.io-index"
dependencies = [
 "futures-core 0.2.1 (registry+https://github.com/rust-lang/crates.io-index)",
 "iovec 0.1.2 (registry+https://github.com/rust-lang/crates.io-index)",
]

[[package]]
name = "futures-io-preview"
version = "0.3.0-alpha.9"
source = "registry+https://github.com/rust-lang/crates.io-index"
dependencies = [
 "futures-core-preview 0.3.0-alpha.9 (registry+https://github.com/rust-lang/crates.io-index)",
 "iovec 0.1.2 (registry+https://github.com/rust-lang/crates.io-index)",
]

[[package]]
name = "futures-signals"
version = "0.1.0"
source = "git+https://github.com/Pauan/rust-signals#c75e5d2a07108ceff956a573edd06b11f4519aaa"
dependencies = [
 "discard 1.0.3 (registry+https://github.com/rust-lang/crates.io-index)",
 "futures-channel 0.2.1 (registry+https://github.com/rust-lang/crates.io-index)",
 "futures-core 0.2.1 (registry+https://github.com/rust-lang/crates.io-index)",
 "futures-util 0.2.1 (registry+https://github.com/rust-lang/crates.io-index)",
 "serde 1.0.70 (registry+https://github.com/rust-lang/crates.io-index)",
]

[[package]]
name = "futures-signals"
version = "0.2.0"
source = "registry+https://github.com/rust-lang/crates.io-index"
dependencies = [
 "discard 1.0.3 (registry+https://github.com/rust-lang/crates.io-index)",
 "futures-channel-preview 0.3.0-alpha.9 (registry+https://github.com/rust-lang/crates.io-index)",
 "futures-core-preview 0.3.0-alpha.9 (registry+https://github.com/rust-lang/crates.io-index)",
 "futures-util-preview 0.3.0-alpha.9 (registry+https://github.com/rust-lang/crates.io-index)",
 "pin-utils 0.1.0-alpha.3 (registry+https://github.com/rust-lang/crates.io-index)",
 "serde 1.0.70 (registry+https://github.com/rust-lang/crates.io-index)",
]

[[package]]
name = "futures-sink"
version = "0.2.1"
source = "registry+https://github.com/rust-lang/crates.io-index"
dependencies = [
 "either 1.5.0 (registry+https://github.com/rust-lang/crates.io-index)",
 "futures-channel 0.2.1 (registry+https://github.com/rust-lang/crates.io-index)",
 "futures-core 0.2.1 (registry+https://github.com/rust-lang/crates.io-index)",
]

[[package]]
name = "futures-sink-preview"
version = "0.3.0-alpha.9"
source = "registry+https://github.com/rust-lang/crates.io-index"
dependencies = [
 "either 1.5.0 (registry+https://github.com/rust-lang/crates.io-index)",
 "futures-channel-preview 0.3.0-alpha.9 (registry+https://github.com/rust-lang/crates.io-index)",
 "futures-core-preview 0.3.0-alpha.9 (registry+https://github.com/rust-lang/crates.io-index)",
]

[[package]]
name = "futures-util"
version = "0.2.1"
source = "registry+https://github.com/rust-lang/crates.io-index"
dependencies = [
 "either 1.5.0 (registry+https://github.com/rust-lang/crates.io-index)",
 "futures-channel 0.2.1 (registry+https://github.com/rust-lang/crates.io-index)",
 "futures-core 0.2.1 (registry+https://github.com/rust-lang/crates.io-index)",
 "futures-io 0.2.1 (registry+https://github.com/rust-lang/crates.io-index)",
 "futures-sink 0.2.1 (registry+https://github.com/rust-lang/crates.io-index)",
]

[[package]]
name = "futures-util-preview"
version = "0.3.0-alpha.9"
source = "registry+https://github.com/rust-lang/crates.io-index"
dependencies = [
 "either 1.5.0 (registry+https://github.com/rust-lang/crates.io-index)",
 "futures-channel-preview 0.3.0-alpha.9 (registry+https://github.com/rust-lang/crates.io-index)",
 "futures-core-preview 0.3.0-alpha.9 (registry+https://github.com/rust-lang/crates.io-index)",
 "futures-io-preview 0.3.0-alpha.9 (registry+https://github.com/rust-lang/crates.io-index)",
 "futures-sink-preview 0.3.0-alpha.9 (registry+https://github.com/rust-lang/crates.io-index)",
 "pin-utils 0.1.0-alpha.3 (registry+https://github.com/rust-lang/crates.io-index)",
 "slab 0.4.1 (registry+https://github.com/rust-lang/crates.io-index)",
]

[[package]]
name = "iovec"
version = "0.1.2"
source = "registry+https://github.com/rust-lang/crates.io-index"
dependencies = [
 "libc 0.2.42 (registry+https://github.com/rust-lang/crates.io-index)",
 "winapi 0.2.8 (registry+https://github.com/rust-lang/crates.io-index)",
]

[[package]]
name = "itoa"
version = "0.4.2"
source = "registry+https://github.com/rust-lang/crates.io-index"

[[package]]
name = "lazy_static"
version = "1.1.0"
source = "registry+https://github.com/rust-lang/crates.io-index"
dependencies = [
 "version_check 0.1.5 (registry+https://github.com/rust-lang/crates.io-index)",
]

[[package]]
name = "libc"
version = "0.2.42"
source = "registry+https://github.com/rust-lang/crates.io-index"

[[package]]
name = "num_cpus"
version = "1.8.0"
source = "registry+https://github.com/rust-lang/crates.io-index"
dependencies = [
 "libc 0.2.42 (registry+https://github.com/rust-lang/crates.io-index)",
]

[[package]]
name = "pin-utils"
version = "0.1.0-alpha.3"
source = "registry+https://github.com/rust-lang/crates.io-index"

[[package]]
name = "proc-macro2"
version = "0.4.9"
source = "registry+https://github.com/rust-lang/crates.io-index"
dependencies = [
 "unicode-xid 0.1.0 (registry+https://github.com/rust-lang/crates.io-index)",
]

[[package]]
name = "quote"
version = "0.6.4"
source = "registry+https://github.com/rust-lang/crates.io-index"
dependencies = [
 "proc-macro2 0.4.9 (registry+https://github.com/rust-lang/crates.io-index)",
]

[[package]]
name = "rustc_version"
version = "0.2.3"
source = "registry+https://github.com/rust-lang/crates.io-index"
dependencies = [
 "semver 0.9.0 (registry+https://github.com/rust-lang/crates.io-index)",
]

[[package]]
name = "semver"
version = "0.9.0"
source = "registry+https://github.com/rust-lang/crates.io-index"
dependencies = [
 "semver-parser 0.7.0 (registry+https://github.com/rust-lang/crates.io-index)",
]

[[package]]
name = "semver-parser"
version = "0.7.0"
source = "registry+https://github.com/rust-lang/crates.io-index"

[[package]]
name = "serde"
version = "1.0.70"
source = "registry+https://github.com/rust-lang/crates.io-index"

[[package]]
name = "serde_derive"
version = "1.0.70"
source = "registry+https://github.com/rust-lang/crates.io-index"
dependencies = [
 "proc-macro2 0.4.9 (registry+https://github.com/rust-lang/crates.io-index)",
 "quote 0.6.4 (registry+https://github.com/rust-lang/crates.io-index)",
 "syn 0.14.5 (registry+https://github.com/rust-lang/crates.io-index)",
]

[[package]]
name = "serde_json"
version = "1.0.24"
source = "registry+https://github.com/rust-lang/crates.io-index"
dependencies = [
 "dtoa 0.4.3 (registry+https://github.com/rust-lang/crates.io-index)",
 "itoa 0.4.2 (registry+https://github.com/rust-lang/crates.io-index)",
 "serde 1.0.70 (registry+https://github.com/rust-lang/crates.io-index)",
]

[[package]]
name = "slab"
version = "0.4.1"
source = "registry+https://github.com/rust-lang/crates.io-index"

[[package]]
name = "stdweb"
version = "0.4.10"
source = "registry+https://github.com/rust-lang/crates.io-index"
dependencies = [
 "discard 1.0.3 (registry+https://github.com/rust-lang/crates.io-index)",
 "futures-channel-preview 0.3.0-alpha.9 (registry+https://github.com/rust-lang/crates.io-index)",
 "futures-core-preview 0.3.0-alpha.9 (registry+https://github.com/rust-lang/crates.io-index)",
 "futures-executor-preview 0.3.0-alpha.9 (registry+https://github.com/rust-lang/crates.io-index)",
 "futures-util-preview 0.3.0-alpha.9 (registry+https://github.com/rust-lang/crates.io-index)",
 "rustc_version 0.2.3 (registry+https://github.com/rust-lang/crates.io-index)",
 "serde 1.0.70 (registry+https://github.com/rust-lang/crates.io-index)",
 "serde_json 1.0.24 (registry+https://github.com/rust-lang/crates.io-index)",
 "stdweb-derive 0.5.1 (registry+https://github.com/rust-lang/crates.io-index)",
 "stdweb-internal-macros 0.2.2 (registry+https://github.com/rust-lang/crates.io-index)",
 "stdweb-internal-runtime 0.1.2 (registry+https://github.com/rust-lang/crates.io-index)",
]

[[package]]
name = "stdweb-derive"
version = "0.5.1"
source = "registry+https://github.com/rust-lang/crates.io-index"
dependencies = [
 "proc-macro2 0.4.9 (registry+https://github.com/rust-lang/crates.io-index)",
 "quote 0.6.4 (registry+https://github.com/rust-lang/crates.io-index)",
 "serde 1.0.70 (registry+https://github.com/rust-lang/crates.io-index)",
 "serde_derive 1.0.70 (registry+https://github.com/rust-lang/crates.io-index)",
 "syn 0.15.13 (registry+https://github.com/rust-lang/crates.io-index)",
]

[[package]]
name = "stdweb-internal-macros"
version = "0.2.2"
source = "registry+https://github.com/rust-lang/crates.io-index"
dependencies = [
 "base-x 0.2.2 (registry+https://github.com/rust-lang/crates.io-index)",
 "proc-macro2 0.4.9 (registry+https://github.com/rust-lang/crates.io-index)",
 "quote 0.6.4 (registry+https://github.com/rust-lang/crates.io-index)",
 "rustc_version 0.2.3 (registry+https://github.com/rust-lang/crates.io-index)",
 "serde 1.0.70 (registry+https://github.com/rust-lang/crates.io-index)",
 "serde_derive 1.0.70 (registry+https://github.com/rust-lang/crates.io-index)",
 "serde_json 1.0.24 (registry+https://github.com/rust-lang/crates.io-index)",
 "syn 0.15.13 (registry+https://github.com/rust-lang/crates.io-index)",
]

[[package]]
name = "stdweb-internal-runtime"
version = "0.1.2"
source = "registry+https://github.com/rust-lang/crates.io-index"

[[package]]
name = "syn"
version = "0.14.5"
source = "registry+https://github.com/rust-lang/crates.io-index"
dependencies = [
 "proc-macro2 0.4.9 (registry+https://github.com/rust-lang/crates.io-index)",
 "quote 0.6.4 (registry+https://github.com/rust-lang/crates.io-index)",
 "unicode-xid 0.1.0 (registry+https://github.com/rust-lang/crates.io-index)",
]

[[package]]
name = "syn"
version = "0.15.13"
source = "registry+https://github.com/rust-lang/crates.io-index"
dependencies = [
 "proc-macro2 0.4.9 (registry+https://github.com/rust-lang/crates.io-index)",
 "quote 0.6.4 (registry+https://github.com/rust-lang/crates.io-index)",
 "unicode-xid 0.1.0 (registry+https://github.com/rust-lang/crates.io-index)",
]

[[package]]
name = "unicode-xid"
version = "0.1.0"
source = "registry+https://github.com/rust-lang/crates.io-index"

[[package]]
name = "version_check"
version = "0.1.5"
source = "registry+https://github.com/rust-lang/crates.io-index"

[[package]]
name = "winapi"
version = "0.2.8"
source = "registry+https://github.com/rust-lang/crates.io-index"

[metadata]
"checksum base-x 0.2.2 (registry+https://github.com/rust-lang/crates.io-index)" = "2f59103b47307f76e03bef1633aec7fa9e29bfb5aa6daf5a334f94233c71f6c1"
"checksum discard 1.0.3 (registry+https://github.com/rust-lang/crates.io-index)" = "9a9117502da3c5657cb8e2ca7ffcf52d659f00c78c5127d1ebadc2ebe76465be"
"checksum dtoa 0.4.3 (registry+https://github.com/rust-lang/crates.io-index)" = "6d301140eb411af13d3115f9a562c85cc6b541ade9dfa314132244aaee7489dd"
"checksum either 1.5.0 (registry+https://github.com/rust-lang/crates.io-index)" = "3be565ca5c557d7f59e7cfcf1844f9e3033650c929c6566f511e8005f205c1d0"
"checksum futures-channel 0.2.1 (registry+https://github.com/rust-lang/crates.io-index)" = "bbb37ec6418c577b25f5b129c0f4456ad7ce8714ec43c59712aa7e4cd2cb6b85"
"checksum futures-channel-preview 0.3.0-alpha.9 (registry+https://github.com/rust-lang/crates.io-index)" = "ab71b4d4948210b1ff4703e66cc9d931afd8ba35b5657cf369374a091cca96ed"
"checksum futures-core 0.2.1 (registry+https://github.com/rust-lang/crates.io-index)" = "7455c91eb2eae38f33b013f77ebe766c75761af333efd9d550e154045c63e225"
"checksum futures-core-preview 0.3.0-alpha.9 (registry+https://github.com/rust-lang/crates.io-index)" = "e5fea6d4920bf1745d87f8624abdd38ed03fb5b644767b84a0de882fe46c4153"
"checksum futures-executor-preview 0.3.0-alpha.9 (registry+https://github.com/rust-lang/crates.io-index)" = "43d4bb2cc4c0cefc554b0cf12f7151e0a578cf1820a36453eff1d955dde762ff"
"checksum futures-io 0.2.1 (registry+https://github.com/rust-lang/crates.io-index)" = "b6a0470fdba9dc87c27a3564ad6d5cc04e080f3afa26c93549728cce46ab21a2"
"checksum futures-io-preview 0.3.0-alpha.9 (registry+https://github.com/rust-lang/crates.io-index)" = "91bd6aba63f52d532c0f4ca6e9960f80a1b4295c292362baf2cad6d739fa9123"
"checksum futures-signals 0.1.0 (git+https://github.com/Pauan/rust-signals)" = "<none>"
"checksum futures-signals 0.2.0 (registry+https://github.com/rust-lang/crates.io-index)" = "b3973c4e41654b7d70a75dfebd10ef4291beefa06ac410e5ab42eb577f67b640"
"checksum futures-sink 0.2.1 (registry+https://github.com/rust-lang/crates.io-index)" = "a8a93a7c480876b8e02cdd70022e7eb9c8423575ea6a25a0b749b18834c16412"
"checksum futures-sink-preview 0.3.0-alpha.9 (registry+https://github.com/rust-lang/crates.io-index)" = "cd7799480a224d80e9e915a6bf8bff27498e8210b831f5a513af09d5c1db2e36"
"checksum futures-util 0.2.1 (registry+https://github.com/rust-lang/crates.io-index)" = "0cf12a3fc1ccaf1bc2901ec6e0ed6ed407a4f16eaa20dd838f40cabf5f7b31f1"
"checksum futures-util-preview 0.3.0-alpha.9 (registry+https://github.com/rust-lang/crates.io-index)" = "b73a6f85964a8291914db0114ccb0045c994c58b2110c4cf4ac47f5d2176ec90"
"checksum iovec 0.1.2 (registry+https://github.com/rust-lang/crates.io-index)" = "dbe6e417e7d0975db6512b90796e8ce223145ac4e33c377e4a42882a0e88bb08"
"checksum itoa 0.4.2 (registry+https://github.com/rust-lang/crates.io-index)" = "5adb58558dcd1d786b5f0bd15f3226ee23486e24b7b58304b60f64dc68e62606"
"checksum lazy_static 1.1.0 (registry+https://github.com/rust-lang/crates.io-index)" = "ca488b89a5657b0a2ecd45b95609b3e848cf1755da332a0da46e2b2b1cb371a7"
"checksum libc 0.2.42 (registry+https://github.com/rust-lang/crates.io-index)" = "b685088df2b950fccadf07a7187c8ef846a959c142338a48f9dc0b94517eb5f1"
"checksum num_cpus 1.8.0 (registry+https://github.com/rust-lang/crates.io-index)" = "c51a3322e4bca9d212ad9a158a02abc6934d005490c054a2778df73a70aa0a30"
"checksum pin-utils 0.1.0-alpha.3 (registry+https://github.com/rust-lang/crates.io-index)" = "42d42579e40cc2de14252a729e9727439657cf68a4997593aafe63728544ecb3"
"checksum proc-macro2 0.4.9 (registry+https://github.com/rust-lang/crates.io-index)" = "cccdc7557a98fe98453030f077df7f3a042052fae465bb61d2c2c41435cfd9b6"
"checksum quote 0.6.4 (registry+https://github.com/rust-lang/crates.io-index)" = "b71f9f575d55555aa9c06188be9d4e2bfc83ed02537948ac0d520c24d0419f1a"
"checksum rustc_version 0.2.3 (registry+https://github.com/rust-lang/crates.io-index)" = "138e3e0acb6c9fb258b19b67cb8abd63c00679d2851805ea151465464fe9030a"
"checksum semver 0.9.0 (registry+https://github.com/rust-lang/crates.io-index)" = "1d7eb9ef2c18661902cc47e535f9bc51b78acd254da71d375c2f6720d9a40403"
"checksum semver-parser 0.7.0 (registry+https://github.com/rust-lang/crates.io-index)" = "388a1df253eca08550bef6c72392cfe7c30914bf41df5269b68cbd6ff8f570a3"
"checksum serde 1.0.70 (registry+https://github.com/rust-lang/crates.io-index)" = "0c3adf19c07af6d186d91dae8927b83b0553d07ca56cbf7f2f32560455c91920"
"checksum serde_derive 1.0.70 (registry+https://github.com/rust-lang/crates.io-index)" = "3525a779832b08693031b8ecfb0de81cd71cfd3812088fafe9a7496789572124"
"checksum serde_json 1.0.24 (registry+https://github.com/rust-lang/crates.io-index)" = "c3c6908c7b925cd6c590358a4034de93dbddb20c45e1d021931459fd419bf0e2"
"checksum slab 0.4.1 (registry+https://github.com/rust-lang/crates.io-index)" = "5f9776d6b986f77b35c6cf846c11ad986ff128fe0b2b63a3628e3755e8d3102d"
"checksum stdweb 0.4.10 (registry+https://github.com/rust-lang/crates.io-index)" = "22203527a18dc1c5c83bbd247fb005f5877d040783b6626571d6b7ed7a6f5e75"
"checksum stdweb-derive 0.5.1 (registry+https://github.com/rust-lang/crates.io-index)" = "0e21ebd9179de08f2300a65454268a17ea3de204627458588c84319c4def3930"
"checksum stdweb-internal-macros 0.2.2 (registry+https://github.com/rust-lang/crates.io-index)" = "bcbc9155af9606d44c740197d7d6672b49c4ee93a176c7cecde8b49322677604"
"checksum stdweb-internal-runtime 0.1.2 (registry+https://github.com/rust-lang/crates.io-index)" = "b74fe9de4c0d07e91987f4d798b95f27f3cb7769fbc222fa951fa386908297b5"
"checksum syn 0.14.5 (registry+https://github.com/rust-lang/crates.io-index)" = "4bad7abdf6633f07c7046b90484f1d9dc055eca39f8c991177b1046ce61dba9a"
"checksum syn 0.15.13 (registry+https://github.com/rust-lang/crates.io-index)" = "7b4439ee8325b4e4b57e59309c3724c9a4478eaeb4eb094b6f3fac180a3b2876"
"checksum unicode-xid 0.1.0 (registry+https://github.com/rust-lang/crates.io-index)" = "fc72304796d0818e357ead4e000d19c9c174ab23dc11093ac919054d20a6a7fc"
"checksum version_check 0.1.5 (registry+https://github.com/rust-lang/crates.io-index)" = "914b1a6776c4c929a602fafd8bc742e06365d4bcbe48c30f9cca5824f70dc9dd"
"checksum winapi 0.2.8 (registry+https://github.com/rust-lang/crates.io-index)" = "167dc9d6949a9b857f3451275e911c3f44255842c1f7a76f33c55103a909087a"
